github.com/bytedance/sonic v1.9.1 h1:6iJ6NqdoxCDk6yz4eCgcYFEuMZpgi/TV8KJDVaP4aJQ=
github.com/bytedance/sonic v1.9.1/go.mod h1:i736AoUSYt75HyZLoJW9ERYxcy6eaN6h4BZXU064P/U=
github.com/chenzhuoyu/base64x v0.0.0-20221115062448-fe3a3abad311 h1:qSGYFH7+jueDFM4/CHW3c7lH/8eN6sKf+D4t4tA86Vw=
github.com/chenzhuoyu/base64x v0.0.0-20221115062448-fe3a3abad311/go.mod h1:bAlkXf4a4osyR+iBM4B4wf4J0SgXiVIqVx3dS2JJS+9Y=
github.com/gabriel-vasile/mimetype v1.4.2 h1:w5qFW6JKBz9Y393Y4q372O9A7cUSequkh1Q7OhCmWKU=
github.com/gabriel-vasile/mimetype v1.4.2/go.mod h1:zApsH/mOX4yfGk+AfOcNOtCfxj0Nq1P1PGK0Sbo3Uu0=
github.com/gin-contrib/sse v0.1.0 h1:Y/yl/+YNO8GZSjAhjMsSuLt29uWRFHdHYUb5lYOV9qE=
github.com/gin-contrib/sse v0.1.0/go.mod h1:RHrZQHXnP2xjPF+u1gW/2HdO2BhbQPmKY1MA28WVo3M=
github.com/gin-gonic/gin v1.9.1 h1:4idEAncQnU5cB7BeOkPtxjfCSye0AAm1R0RVIqJ+Jmg=
github.com/gin-gonic/gin v1.9.1/go.mod h1:hPrL7HqWDbS3VgB1H+uQH3vK3l5uV2VZJq1tGkUw7wY=
github.com/go-playground/locales v0.14.1 h1:EWaQ/wswjilfKLTECiXz7Rh+3BjFhfDFKv/oXslEjJA=
github.com/go-playground/locales v0.14.1/go.mod h1:hxrqLVvrK65+Rwrd5Fc6FcO6Jb4AHn6v97cwqTee6cI=
github.com/go-playground/universal-translator v0.18.1 h1:BcnI0SvgVoYhqV0Sx7uYJAuxSfHt1kgmvpndIep6et8=
github.com/go-playground/universal-translator v0.18.1/go.mod h1:xekY+UJKNuX9WP91T4SHkVRXFebBxV2PqJ6zDnbt2F4=
github.com/go-playground/validator/v10 v10.14.0 h1:vgvQWe3XCz3gIeFDm/Hn4bj1KU8KOVzurWlH8b/N9zQ=
github.com/go-playground/validator/v10 v10.14.0/go.mod h1:9iXMNT7sEkjXb0I+enO7QXmzGyuQjcujI+HTWQvLDHP=
github.com/goccy/go-json v0.10.2 h1:CrxCmQqYDkv1z7lO7Wbh2HN93uovt6+8FZqkSfHmuH4=
github.com/goccy/go-json v0.10.2/go.mod h1:6MelG93GURQebXPDq3khbXxdjeetUPg5dC3Xv2nF1sI=
github.com/golang-jwt/jwt/v5 v5.0.0 h1:d/ix8ftRUorsN+1g5oD5gOdmH5+2+2sCu7uRlF+B0V8=
github.com/golang-jwt/jwt/v5 v5.0.0/go.mod h1:pqrtFR0X4osieyHYxtmOUWsAWrfe1Q5UVIyoH402zdk=
github.com/json-iterator/go v1.1.12 h1:PV8peI4a0ysnczrg+LtxykD8LfKY9ML6u2jnxaEnrnM=
github.com/json-iterator/go v1.1.12/go.mod h1:e30XqBxsfQgZu+3Y8l2uYN5ifQvSg/6jbL2Q3DfS6sI=
github.com/klauspost/cpuid/v2 v2.2.4 h1:acbojRNl3F09iKX+U4oerxytQH5pPHo+3v6f2uQ8ksA=
github.com/klauspost/cpuid/v2 v2.2.4/go.mod h1:RVVoqg1df56z8g3pUjL/3lE5UfnlrPKX/h0I5tqMzD0=
github.com/leodido/go-urn v1.2.4 h1:Yl4uS2r0i8XU7eyBjiYsyKAdqc7pLb+G2CR2P2yxS0g=
github.com/leodido/go-urn v1.2.4/go.mod h1:7ZrI8mTSeBSHl/UaRyKQW1qZeMgak41ANeCNaVckg+4=
github.com/lib/pq v1.10.9 h1:YXG7RB+JIqPigXzaeD3wVzH6yrsgkwzCGnZhxEnR6mI=
github.com/lib/pq v1.10.9/go.mod h1:AlVN5x4E4T544tWzH6hKfbfQvm3HdbnzSH8aPZuEnW8=
github.com/mattn/go-isatty v0.0.19 h1:JITubQf0MOLdlGRuRq+jtsDlekdYPia9ZFsB8h/APPA=
github.com/mattn/go-isatty v0.0.19/go.mod h1:W+V8PltTTMOvKvAeJH7IuH+SXSWtqB4P7yGSB0a+uS4=
github.com/modern-go/concurrent v0.0.0-20180306012644-bacd9c7ef1dd h1:TRLaZ9cD/w8PVh93nsPXa1VrQ6jlwL5oN8l14QlcNfg=
github.com/modern-go/concurrent v0.0.0-20180306012644-bacd9c7ef1dd/go.mod h1:6dJC0mAP4ikYIbvyc7fijjWJddQyLn8Ig3JB5CqoB9Q=
github.com/modern-go/reflect2 v1.0.2 h1:xBagoYt2fsn4+2v2oDOsFZ0f/nUjBJSA02YP2hVroM4=
github.com/modern-go/reflect2 v1.0.2/go.mod h1:yWuevngMOJpCy52FW8v4c65J34eyjtcYgAoRcZ/0nUc=
github.com/pelletier/go-toml/v2 v2.0.8 h1:0ctb6s9mE31h0/lhu+J6OPmVMd+gVtCqg2xRuAHXya4=
github.com/pelletier/go-toml/v2 v2.0.8/go.mod h1:vuYfssBdrEA2OWunJa1rCb4dJx6DHUKvXxH9sFf4uY=
github.com/twitchyliquid64/golang-asm v0.15.1 h1:SU5vSMR7T8S7vBd7D9eWXv/4cJJntkq4Jh9EM+4+1k=
github.com/twitchyliquid64/golang-asm v0.15.1/go.mod h1:a1lVb/DtPvCB8fslRZhAngC2AjyKRQurcS8S+uV1m+I=
github.com/ugorji/go/codec v1.2.11 h1:BMaWp1Bb6fHwEtbplGBGJ498wD+LKlNSL25GrjQo0bs=
github.com/ugorji/go/codec v1.2.11/go.mod h1:UNopzCgEMSXjBc6AOMqYvWC2ktUN2jk9S4Vwv1v+caI=
golang.org/x/arch v0.3.0 h1:02VY4/ZcO/gBOH6RUaoD7eIVsSveLnXAMJgL3Q5VkaM=
golang.org/x/arch v0.3.0/go.mod h1:5om86z9HsD2fP99hN4eQKecQ2v2+5DQZ8F9Y99+dd+4=
golang.org/x/crypto v0.9.0 h1:LF6fAI+IutBocDJ2OT0Q1g8pP4r4zKYkf0huXyoWICE=
golang.org/x/crypto v0.9.0/go.mod h1:yrmDGqONDYtNj3tH8X9dzUun2m2lzPa9ngITh/R3KdQ=
golang.org/x/net v0.10.0 h1:0ceB4k/rcudOUW9FDi+3/7BgJWFkZ+yf8Wj0jKzS/Yc=
golang.org/x/net v0.10.0/go.mod h1:0qNGK6F8kojg2nk9dLZ2mShWaEBan6FAoqfSigmmuD8=
golang.org/x/sys v0.8.0 h1:EBmGv8NQsjDdGfA6y4n8N6vfXfd4Uc8kRf+2U+oV2yI=
golang.org/x/sys v0.8.0/go.mod h1:oPkhp1MJrh7nUepCBck5+mAzfO9JrbApNNgaTdGDITg=
golang.org/x/text v0.9.0 h1:7VqV4xGj6PbS8X/sIrzSUAg/VV9J0B3X4kr4oHd0ghk=
golang.org/x/text v0.9.0/go.mod h1:e1OnstbJyHTd6l/uOt8jFFHp6TRDWZR/bV3emEE/zU8=
google.golang.org/protobuf v1.30.0 h1:PP65W1Gm0vQK0Y/i8kq9dNfRJJvp0aE4gAIuH62V0tc=
google.golang.org/protobuf v1.30.0/go.mod h1:HV8QOd/L58Z+nl8r43ehVNZIU/HEI6OcFqwMG9pJV4I=
gopkg.in/yaml.v3 v3.0.1 h1:fxVm/GzAzEWqLHuvctI91KS9hhNmmWOoWu0AXY6dpmE=
gopkg.in/yaml.v3 v3.0.1/go.mod h1:K4uyk7z7BCEPqu6E+C64Yfv1cQ7kz7rIZviUmN+EgEM=